
Microsoft Visual Studio Solution File, Format Version 12.00
# Visual Studio 2017
Project("{FAE04EC0-301F-11D3-BF4B-00C04F79EFBC}") = "Kesetimbangan kimia", "Kesetimbangan kimia.csproj", "{8F84D97F-7993-E073-C0F9-0B0B645777AA}"
EndProject
Global
	GlobalSection(SolutionConfigurationPlatforms) = preSolution
		Debug|Any CPU = Debug|Any CPU
		Release|Any CPU = Release|Any CPU
	EndGlobalSection
	GlobalSection(ProjectConfigurationPlatforms) = postSolution
		{8F84D97F-7993-E073-C0F9-0B0B645777AA}.Debug|Any CPU.ActiveCfg = Debug|Any CPU
		{8F84D97F-7993-E073-C0F9-0B0B645777AA}.Debug|Any CPU.Build.0 = Debug|Any CPU
		{8F84D97F-7993-E073-C0F9-0B0B645777AA}.Release|Any CPU.ActiveCfg = Release|Any CPU
		{8F84D97F-7993-E073-C0F9-0B0B645777AA}.Release|Any CPU.Build.0 = Release|Any CPU
	EndGlobalSection
	GlobalSection(SolutionProperties) = preSolution
		HideSolutionNode = FALSE
	EndGlobalSection
EndGlobal
